
Microsoft Visual Studio Solution File, Format Version 12.00
# Visual Studio Version 16
VisualStudioVersion = 16.0.29920.165
MinimumVisualStudioVersion = 10.0.40219.1
Project("{888888A0-9F3D-457C-B088-3A5042F75D52}") = "dcp18", "dcp18.pyproj", "{5747B62C-330C-4858-994E-DA0980D40266}"
EndProject
Global
	GlobalSection(SolutionConfigurationPlatforms) = preSolution
		Debug|Any CPU = Debug|Any CPU
		Release|Any CPU = Release|Any CPU
	EndGlobalSection
	GlobalSection(ProjectConfigurationPlatforms) = postSolution
		{5747B62C-330C-4858-994E-DA0980D40266}.Debug|Any CPU.ActiveCfg = Debug|Any CPU
		{5747B62C-330C-4858-994E-DA0980D40266}.Release|Any CPU.ActiveCfg = Release|Any CPU
	EndGlobalSection
	GlobalSection(SolutionProperties) = preSolution
		HideSolutionNode = FALSE
	EndGlobalSection
	GlobalSection(ExtensibilityGlobals) = postSolution
		SolutionGuid = {EA0D1393-44CF-4D33-A118-D6DDA1B5F1ED}
	EndGlobalSection
EndGlobal
